// !$*UTF8*$!
{
	archiveVersion = 1;
	classes = {
	};
	objectVersion = 50;
	objects = {

/* Begin PBXBuildFile section */
		FC49E3882241A4ED00B6A70D /* AppDelegate.swift in Sources */ = {isa = PBXBuildFile; fileRef = FC49E3872241A4ED00B6A70D /* AppDelegate.swift */; };
		FC49E38A2241A4ED00B6A70D /* ViewController.swift in Sources */ = {isa = PBXBuildFile; fileRef = FC49E3892241A4ED00B6A70D /* ViewController.swift */; };
		FC49E38D2241A4ED00B6A70D /* Main.storyboard in Resources */ = {isa = PBXBuildFile; fileRef = FC49E38B2241A4ED00B6A70D /* Main.storyboard */; };
		FC49E3902241A4ED00B6A70D /* testTVRefresh.xcdatamodeld in Sources */ = {isa = PBXBuildFile; fileRef = FC49E38E2241A4ED00B6A70D /* testTVRefresh.xcdatamodeld */; };
		FC49E3922241A4EF00B6A70D /* Assets.xcassets in Resources */ = {isa = PBXBuildFile; fileRef = FC49E3912241A4EF00B6A70D /* Assets.xcassets */; };
		FC49E3952241A4EF00B6A70D /* LaunchScreen.storyboard in Resources */ = {isa = PBXBuildFile; fileRef = FC49E3932241A4EF00B6A70D /* LaunchScreen.storyboard */; };
/* End PBXBuildFile section */

/* Begin PBXFileReference section */
		FC49E3842241A4ED00B6A70D /* testTVRefresh.app */ = {isa = PBXFileReference; explicitFileType = wrapper.application; includeInIndex = 0; path = testTVRefresh.app; sourceTree = BUILT_PRODUCTS_DIR; };
		FC49E3872241A4ED00B6A70D /* AppDelegate.swift */ = {isa = PBXFileReference; lastKnownFileType = sourcecode.swift; path = AppDelegate.swift; sourceTree = "<group>"; };
		FC49E3892241A4ED00B6A70D /* ViewController.swift */ = {isa = PBXFileReference; lastKnownFileType = sourcecode.swift; path = ViewController.swift; sourceTree = "<group>"; };
		FC49E38C2241A4ED00B6A70D /* Base */ = {isa = PBXFileReference; lastKnownFileType = file.storyboard; name = Base; path = Base.lproj/Main.storyboard; sourceTree = "<group>"; };
		FC49E38F2241A4ED00B6A70D /* testTVRefresh.xcdatamodel */ = {isa = PBXFileReference; lastKnownFileType = wrapper.xcdatamodel; path = testTVRefresh.xcdatamodel; sourceTree = "<group>"; };
		FC49E3912241A4EF00B6A70D /* Assets.xcassets */ = {isa = PBXFileReference; lastKnownFileType = folder.assetcatalog; path = Assets.xcassets; sourceTree = "<group>"; };
		FC49E3942241A4EF00B6A70D /* Base */ = {isa = PBXFileReference; lastKnownFileType = file.storyboard; name = Base; path = Base.lproj/LaunchScreen.storyboard; sourceTree = "<group>"; };
		FC49E3962241A4EF00B6A70D /* Info.plist */ = {isa = PBXFileReference; lastKnownFileType = text.plist.xml; path = Info.plist; sourceTree = "<group>"; };
/* End PBXFileReference section */

/* Begin PBXFrameworksBuildPhase section */
		FC49E3812241A4ED00B6A70D /* Frameworks */ = {
			isa = PBXFrameworksBuildPhase;
			buildActionMask = 2147483647;
			files = (
			);
			runOnlyForDeploymentPostprocessing = 0;
		};
/* End PBXFrameworksBuildPhase section */

/* Begin PBXGroup section */
		FC49E37B2241A4ED00B6A70D = {
			isa = PBXGroup;
			children = (
				FC49E3862241A4ED00B6A70D /* testTVRefresh */,
				FC49E3852241A4ED00B6A70D /* Products */,
			);
			sourceTree = "<group>";
		};
		FC49E3852241A4ED00B6A70D /* Products */ = {
			isa = PBXGroup;
			children = (
				FC49E3842241A4ED00B6A70D /* testTVRefresh.app */,
			);
			name = Products;
			sourceTree = "<group>";
		};
		FC49E3862241A4ED00B6A70D /* testTVRefresh */ = {
			isa = PBXGroup;
			children = (
				FC49E3872241A4ED00B6A70D /* AppDelegate.swift */,
				FC49E3892241A4ED00B6A70D /* ViewController.swift */,
				FC49E38B2241A4ED00B6A70D /* Main.storyboard */,
				FC49E3912241A4EF00B6A70D /* Assets.xcassets */,
				FC49E3932241A4EF00B6A70D /* LaunchScreen.storyboard */,
				FC49E3962241A4EF00B6A70D /* Info.plist */,
				FC49E38E2241A4ED00B6A70D /* testTVRefresh.xcdatamodeld */,
			);
			path = testTVRefresh;
			sourceTree = "<group>";
		};
/* End PBXGroup section */

/* Begin PBXNativeTarget section */
		FC49E3832241A4ED00B6A70D /* testTVRefresh */ = {
			isa = PBXNativeTarget;
			buildConfigurationList = FC49E3992241A4EF00B6A70D /* Build configuration list for PBXNativeTarget "testTVRefresh" */;
			buildPhases = (
				FC49E3802241A4ED00B6A70D /* Sources */,
				FC49E3812241A4ED00B6A70D /* Frameworks */,
				FC49E3822241A4ED00B6A70D /* Resources */,
			);
			buildRules = (
			);
			dependencies = (
			);
			name = testTVRefresh;
			productName = testTVRefresh;
			productReference = FC49E3842241A4ED00B6A70D /* testTVRefresh.app */;
			productType = "com.apple.product-type.application";
		};
/* End PBXNativeTarget section */

/* Begin PBXProject section */
		FC49E37C2241A4ED00B6A70D /* Project object */ = {
			isa = PBXProject;
			attributes = {
				LastSwiftUpdateCheck = 1010;
				LastUpgradeCheck = 1010;
				ORGANIZATIONNAME = "Ali ED-DBALI";
				TargetAttributes = {
					FC49E3832241A4ED00B6A70D = {
						CreatedOnToolsVersion = 10.1;
					};
				};
			};
			buildConfigurationList = FC49E37F2241A4ED00B6A70D /* Build configuration list for PBXProject "testTVRefresh" */;
			compatibilityVersion = "Xcode 9.3";
			developmentRegion = en;
			hasScannedForEncodings = 0;
			knownRegions = (
				en,
				Base,
			);
			mainGroup = FC49E37B2241A4ED00B6A70D;
			productRefGroup = FC49E3852241A4ED00B6A70D /* Products */;
			projectDirPath = "";
			projectRoot = "";
			targets = (
				FC49E3832241A4ED00B6A70D /* testTVRefresh */,
			);
		};
/* End PBXProject section */

/* Begin PBXResourcesBuildPhase section */
		FC49E3822241A4ED00B6A70D /* Resources */ = {
			isa = PBXResourcesBuildPhase;
			buildActionMask = 2147483647;
			files = (
				FC49E3952241A4EF00B6A70D /* LaunchScreen.storyboard in Resources */,
				FC49E3922241A4EF00B6A70D /* Assets.xcassets in Resources */,
				FC49E38D2241A4ED00B6A70D /* Main.storyboard in Resources */,
			);
			runOnlyForDeploymentPostprocessing = 0;
		};
/* End PBXResourcesBuildPhase section */

/* Begin PBXSourcesBuildPhase section */
		FC49E3802241A4ED00B6A70D /* Sources */ = {
			isa = PBXSourcesBuildPhase;
			buildActionMask = 2147483647;
			files = (
				FC49E3902241A4ED00B6A70D /* testTVRefresh.xcdatamodeld in Sources */,
				FC49E38A2241A4ED00B6A70D /* ViewController.swift in Sources */,
				FC49E3882241A4ED00B6A70D /* AppDelegate.swift in Sources */,
			);
			runOnlyForDeploymentPostprocessing = 0;
		};
/* End PBXSourcesBuildPhase section */

/* Begin PBXVariantGroup section */
		FC49E38B2241A4ED00B6A70D /* Main.storyboard */ = {
			isa = PBXVariantGroup;
			children = (
				FC49E38C2241A4ED00B6A70D /* Base */,
			);
			name = Main.storyboard;
			sourceTree = "<group>";
		};
		FC49E3932241A4EF00B6A70D /* LaunchScreen.storyboard */ = {
			isa = PBXVariantGroup;
			children = (
				FC49E3942241A4EF00B6A70D /* Base */,
			);
			name = LaunchScreen.storyboard;
			sourceTree = "<group>";
		};
/* End PBXVariantGroup section */

/* Begin XCBuildConfiguration section */
		FC49E3972241A4EF00B6A70D /* Debug */ = {
			isa = XCBuildConfiguration;
			buildSettings = {
				ALWAYS_SEARCH_USER_PATHS = NO;
				CLANG_ANALYZER_NONNULL = YES;
				CLANG_ANALYZER_NUMBER_OBJECT_CONVERSION = YES_AGGRESSIVE;
				CLANG_CXX_LANGUAGE_STANDARD = "gnu++14";
				CLANG_CXX_LIBRARY = "libc++";
				CLANG_ENABLE_MODULES = YES;
				CLANG_ENABLE_OBJC_ARC = YES;
				CLANG_ENABLE_OBJC_WEAK = YES;
				CLANG_WARN_BLOCK_CAPTURE_AUTORELEASING = YES;
				CLANG_WARN_BOOL_CONVERSION = YES;
				CLANG_WARN_COMMA = YES;
				CLANG_WARN_CONSTANT_CONVERSION = YES;
				CLANG_WARN_DEPRECATED_OBJC_IMPLEMENTATIONS = YES;
				CLANG_WARN_DIRECT_OBJC_ISA_USAGE = YES_ERROR;
				CLANG_WARN_DOCUMENTATION_COMMENTS = YES;
				CLANG_WARN_EMPTY_BODY = YES;
				CLANG_WARN_ENUM_CONVERSION = YES;
				CLANG_WARN_INFINITE_RECURSION = YES;
				CLANG_WARN_INT_CONVERSION = YES;
				CLANG_WARN_NON_LITERAL_NULL_CONVERSION = YES;
				CLANG_WARN_OBJC_IMPLICIT_RETAIN_SELF = YES;
				CLANG_WARN_OBJC_LITERAL_CONVERSION = YES;
				CLANG_WARN_OBJC_ROOT_CLASS = YES_ERROR;
				CLANG_WARN_RANGE_LOOP_ANALYSIS = YES;
				CLANG_WARN_STRICT_PROTOTYPES = YES;
				CLANG_WARN_SUSPICIOUS_MOVE = YES;
				CLANG_WARN_UNGUARDED_AVAILABILITY = YES_AGGRESSIVE;
				CLANG_WARN_UNREACHABLE_CODE = YES;
				CLANG_WARN__DUPLICATE_METHOD_MATCH = YES;
				CODE_SIGN_IDENTITY = "iPhone Developer";
				COPY_PHASE_STRIP = NO;
				DEBUG_INFORMATION_FORMAT = dwarf;
				ENABLE_STRICT_OBJC_MSGSEND = YES;
				ENABLE_TESTABILITY = YES;
				GCC_C_LANGUAGE_STANDARD = gnu11;
				GCC_DYNAMIC_NO_PIC = NO;
				GCC_NO_COMMON_BLOCKS = YES;
				GCC_OPTIMIZATION_LEVEL = 0;
				GCC_PREPROCESSOR_DEFINITIONS = (
					"DEBUG=1",
					"$(inherited)",
				);
				GCC_WARN_64_TO_32_BIT_CONVERSION = YES;
				GCC_WARN_ABOUT_RETURN_TYPE = YES_ERROR;
				GCC_WARN_UNDECLARED_SELECTOR = YES;
				GCC_WARN_UNINITIALIZED_AUTOS = YES_AGGRESSIVE;
				GCC_WARN_UNUSED_FUNCTION = YES;
				GCC_WARN_UNUSED_VARIABLE = YES;
				IPHONEOS_DEPLOYMENT_TARGET = 12.1;
				MTL_ENABLE_DEBUG_INFO = INCLUDE_SOURCE;
				MTL_FAST_MATH = YES;
				ONLY_ACTIVE_ARCH = YES;
				SDKROOT = iphoneos;
				SWIFT_ACTIVE_COMPILATION_CONDITIONS = DEBUG;
				SWIFT_OPTIMIZATION_LEVEL = "-Onone";
			};
			name = Debug;
		};
		FC49E3982241A4EF00B6A70D /* Release */ = {
			isa = XCBuildConfiguration;
			buildSettings = {
				ALWAYS_SEARCH_USER_PATHS = NO;
				CLANG_ANALYZER_NONNULL = YES;
				CLANG_ANALYZER_NUMBER_OBJECT_CONVERSION = YES_AGGRESSIVE;
				CLANG_CXX_LANGUAGE_STANDARD = "gnu++14";
				CLANG_CXX_LIBRARY = "libc++";
				CLANG_ENABLE_MODULES = YES;
				CLANG_ENABLE_OBJC_ARC = YES;
				CLANG_ENABLE_OBJC_WEAK = YES;
				CLANG_WARN_BLOCK_CAPTURE_AUTORELEASING = YES;
				CLANG_WARN_BOOL_CONVERSION = YES;
				CLANG_WARN_COMMA = YES;
				CLANG_WARN_CONSTANT_CONVERSION = YES;
				CLANG_WARN_DEPRECATED_OBJC_IMPLEMENTATIONS = YES;
				CLANG_WARN_DIRECT_OBJC_ISA_USAGE = YES_ERROR;
				CLANG_WARN_DOCUMENTATION_COMMENTS = YES;
				CLANG_WARN_EMPTY_BODY = YES;
				CLANG_WARN_ENUM_CONVERSION = YES;
				CLANG_WARN_INFINITE_RECURSION = YES;
				CLANG_WARN_INT_CONVERSION = YES;
				CLANG_WARN_NON_LITERAL_NULL_CONVERSION = YES;
				CLANG_WARN_OBJC_IMPLICIT_RETAIN_SELF = YES;
				CLANG_WARN_OBJC_LITERAL_CONVERSION = YES;
				CLANG_WARN_OBJC_ROOT_CLASS = YES_ERROR;
				CLANG_WARN_RANGE_LOOP_ANALYSIS = YES;
				CLANG_WARN_STRICT_PROTOTYPES = YES;
				CLANG_WARN_SUSPICIOUS_MOVE = YES;
				CLANG_WARN_UNGUARDED_AVAILABILITY = YES_AGGRESSIVE;
				CLANG_WARN_UNREACHABLE_CODE = YES;
				CLANG_WARN__DUPLICATE_METHOD_MATCH = YES;
				CODE_SIGN_IDENTITY = "iPhone Developer";
				COPY_PHASE_STRIP = NO;
				DEBUG_INFORMATION_FORMAT = "dwarf-with-dsym";
				ENABLE_NS_ASSERTIONS = NO;
				ENABLE_STRICT_OBJC_MSGSEND = YES;
				GCC_C_LANGUAGE_STANDARD = gnu11;
				GCC_NO_COMMON_BLOCKS = YES;
				GCC_WARN_64_TO_32_BIT_CONVERSION = YES;
				GCC_WARN_ABOUT_RETURN_TYPE = YES_ERROR;
				GCC_WARN_UNDECLARED_SELECTOR = YES;
				GCC_WARN_UNINITIALIZED_AUTOS = YES_AGGRESSIVE;
				GCC_WARN_UNUSED_FUNCTION = YES;
				GCC_WARN_UNUSED_VARIABLE = YES;
				IPHONEOS_DEPLOYMENT_TARGET = 12.1;
				MTL_ENABLE_DEBUG_INFO = NO;
				MTL_FAST_MATH = YES;
				SDKROOT = iphoneos;
				SWIFT_COMPILATION_MODE = wholemodule;
				SWIFT_OPTIMIZATION_LEVEL = "-O";
				VALIDATE_PRODUCT = YES;
			};
			name = Release;
		};
		FC49E39A2241A4EF00B6A70D /* Debug */ = {
			isa = XCBuildConfiguration;
			buildSettings = {
				ASSETCATALOG_COMPILER_APPICON_NAME = AppIcon;
				CODE_SIGN_IDENTITY = "iPhone Developer";
				CODE_SIGN_STYLE = Automatic;
				DEVELOPMENT_TEAM = X8M67J73Q6;
				INFOPLIST_FILE = testTVRefresh/Info.plist;
				LD_RUNPATH_SEARCH_PATHS = (
					"$(inherited)",
					"@executable_path/Frameworks",
				);
				PRODUCT_BUNDLE_IDENTIFIER = net.eddbali.ali.testTVRefresh;
				PRODUCT_NAME = "$(TARGET_NAME)";
				PROVISIONING_PROFILE_SPECIFIER = "";
				SWIFT_VERSION = 4.2;
				TARGETED_DEVICE_FAMILY = "1,2";
			};
			name = Debug;
		};
		FC49E39B2241A4EF00B6A70D /* Release */ = {
			isa = XCBuildConfiguration;
			buildSettings = {
				ASSETCATALOG_COMPILER_APPICON_NAME = AppIcon;
				CODE_SIGN_IDENTITY = "iPhone Developer";
				CODE_SIGN_STYLE = Automatic;
				DEVELOPMENT_TEAM = X8M67J73Q6;
				INFOPLIST_FILE = testTVRefresh/Info.plist;
				LD_RUNPATH_SEARCH_PATHS = (
					"$(inherited)",
					"@executable_path/Frameworks",
				);
				PRODUCT_BUNDLE_IDENTIFIER = net.eddbali.ali.testTVRefresh;
				PRODUCT_NAME = "$(TARGET_NAME)";
				PROVISIONING_PROFILE_SPECIFIER = "";
				SWIFT_VERSION = 4.2;
				TARGETED_DEVICE_FAMILY = "1,2";
			};
			name = Release;
		};
/* End XCBuildConfiguration section */

/* Begin XCConfigurationList section */
		FC49E37F2241A4ED00B6A70D /* Build configuration list for PBXProject "testTVRefresh" */ = {
			isa = XCConfigurationList;
			buildConfigurations = (
				FC49E3972241A4EF00B6A70D /* Debug */,
				FC49E3982241A4EF00B6A70D /* Release */,
			);
			defaultConfigurationIsVisible = 0;
			defaultConfigurationName = Release;
		};
		FC49E3992241A4EF00B6A70D /* Build configuration list for PBXNativeTarget "testTVRefresh" */ = {
			isa = XCConfigurationList;
			buildConfigurations = (
				FC49E39A2241A4EF00B6A70D /* Debug */,
				FC49E39B2241A4EF00B6A70D /* Release */,
			);
			defaultConfigurationIsVisible = 0;
			defaultConfigurationName = Release;
		};
/* End XCConfigurationList section */

/* Begin XCVersionGroup section */
		FC49E38E2241A4ED00B6A70D /* testTVRefresh.xcdatamodeld */ = {
			isa = XCVersionGroup;
			children = (
				FC49E38F2241A4ED00B6A70D /* testTVRefresh.xcdatamodel */,
			);
			currentVersion = FC49E38F2241A4ED00B6A70D /* testTVRefresh.xcdatamodel */;
			path = testTVRefresh.xcdatamodeld;
			sourceTree = "<group>";
			versionGroupType = wrapper.xcdatamodel;
		};
/* End XCVersionGroup section */
	};
	rootObject = FC49E37C2241A4ED00B6A70D /* Project object */;
}
