// !$*UTF8*$!
{
	archiveVersion = 1;
	classes = {
	};
	objectVersion = 50;
	objects = {

/* Begin PBXBuildFile section */
		F26610D723D5E4B8009A6592 /* AppDelegate.swift in Sources */ = {isa = PBXBuildFile; fileRef = F26610D623D5E4B8009A6592 /* AppDelegate.swift */; };
		F26610D923D5E4B8009A6592 /* ViewController.swift in Sources */ = {isa = PBXBuildFile; fileRef = F26610D823D5E4B8009A6592 /* ViewController.swift */; };
		F26610DC23D5E4B8009A6592 /* Main.storyboard in Resources */ = {isa = PBXBuildFile; fileRef = F26610DA23D5E4B8009A6592 /* Main.storyboard */; };
		F26610DE23D5E4B9009A6592 /* Assets.xcassets in Resources */ = {isa = PBXBuildFile; fileRef = F26610DD23D5E4B9009A6592 /* Assets.xcassets */; };
		F26610E123D5E4B9009A6592 /* LaunchScreen.storyboard in Resources */ = {isa = PBXBuildFile; fileRef = F26610DF23D5E4B9009A6592 /* LaunchScreen.storyboard */; };
		F26610EB23D5E713009A6592 /* grille.png in Resources */ = {isa = PBXBuildFile; fileRef = F26610E823D5E712009A6592 /* grille.png */; };
		F26610EC23D5E713009A6592 /* rond.png in Resources */ = {isa = PBXBuildFile; fileRef = F26610E923D5E712009A6592 /* rond.png */; };
		F26610ED23D5E713009A6592 /* croix.png in Resources */ = {isa = PBXBuildFile; fileRef = F26610EA23D5E712009A6592 /* croix.png */; };
/* End PBXBuildFile section */

/* Begin PBXFileReference section */
		F26610D323D5E4B8009A6592 /* tictactoe.app */ = {isa = PBXFileReference; explicitFileType = wrapper.application; includeInIndex = 0; path = tictactoe.app; sourceTree = BUILT_PRODUCTS_DIR; };
		F26610D623D5E4B8009A6592 /* AppDelegate.swift */ = {isa = PBXFileReference; lastKnownFileType = sourcecode.swift; path = AppDelegate.swift; sourceTree = "<group>"; };
		F26610D823D5E4B8009A6592 /* ViewController.swift */ = {isa = PBXFileReference; lastKnownFileType = sourcecode.swift; path = ViewController.swift; sourceTree = "<group>"; };
		F26610DB23D5E4B8009A6592 /* Base */ = {isa = PBXFileReference; lastKnownFileType = file.storyboard; name = Base; path = Base.lproj/Main.storyboard; sourceTree = "<group>"; };
		F26610DD23D5E4B9009A6592 /* Assets.xcassets */ = {isa = PBXFileReference; lastKnownFileType = folder.assetcatalog; path = Assets.xcassets; sourceTree = "<group>"; };
		F26610E023D5E4B9009A6592 /* Base */ = {isa = PBXFileReference; lastKnownFileType = file.storyboard; name = Base; path = Base.lproj/LaunchScreen.storyboard; sourceTree = "<group>"; };
		F26610E223D5E4B9009A6592 /* Info.plist */ = {isa = PBXFileReference; lastKnownFileType = text.plist.xml; path = Info.plist; sourceTree = "<group>"; };
		F26610E823D5E712009A6592 /* grille.png */ = {isa = PBXFileReference; lastKnownFileType = image.png; path = grille.png; sourceTree = "<group>"; };
		F26610E923D5E712009A6592 /* rond.png */ = {isa = PBXFileReference; lastKnownFileType = image.png; path = rond.png; sourceTree = "<group>"; };
		F26610EA23D5E712009A6592 /* croix.png */ = {isa = PBXFileReference; lastKnownFileType = image.png; path = croix.png; sourceTree = "<group>"; };
/* End PBXFileReference section */

/* Begin PBXFrameworksBuildPhase section */
		F26610D023D5E4B7009A6592 /* Frameworks */ = {
			isa = PBXFrameworksBuildPhase;
			buildActionMask = 2147483647;
			files = (
			);
			runOnlyForDeploymentPostprocessing = 0;
		};
/* End PBXFrameworksBuildPhase section */

/* Begin PBXGroup section */
		F26610CA23D5E4B7009A6592 = {
			isa = PBXGroup;
			children = (
				F26610D523D5E4B8009A6592 /* tictactoe */,
				F26610D423D5E4B8009A6592 /* Products */,
			);
			sourceTree = "<group>";
		};
		F26610D423D5E4B8009A6592 /* Products */ = {
			isa = PBXGroup;
			children = (
				F26610D323D5E4B8009A6592 /* tictactoe.app */,
			);
			name = Products;
			sourceTree = "<group>";
		};
		F26610D523D5E4B8009A6592 /* tictactoe */ = {
			isa = PBXGroup;
			children = (
				F26610EF23D5E757009A6592 /* images */,
				F26610D623D5E4B8009A6592 /* AppDelegate.swift */,
				F26610D823D5E4B8009A6592 /* ViewController.swift */,
				F26610DA23D5E4B8009A6592 /* Main.storyboard */,
				F26610DD23D5E4B9009A6592 /* Assets.xcassets */,
				F26610DF23D5E4B9009A6592 /* LaunchScreen.storyboard */,
				F26610E223D5E4B9009A6592 /* Info.plist */,
			);
			path = tictactoe;
			sourceTree = "<group>";
		};
		F26610EF23D5E757009A6592 /* images */ = {
			isa = PBXGroup;
			children = (
				F26610EA23D5E712009A6592 /* croix.png */,
				F26610E823D5E712009A6592 /* grille.png */,
				F26610E923D5E712009A6592 /* rond.png */,
			);
			path = images;
			sourceTree = "<group>";
		};
/* End PBXGroup section */

/* Begin PBXNativeTarget section */
		F26610D223D5E4B7009A6592 /* tictactoe */ = {
			isa = PBXNativeTarget;
			buildConfigurationList = F26610E523D5E4B9009A6592 /* Build configuration list for PBXNativeTarget "tictactoe" */;
			buildPhases = (
				F26610CF23D5E4B7009A6592 /* Sources */,
				F26610D023D5E4B7009A6592 /* Frameworks */,
				F26610D123D5E4B7009A6592 /* Resources */,
			);
			buildRules = (
			);
			dependencies = (
			);
			name = tictactoe;
			productName = tictactoe;
			productReference = F26610D323D5E4B8009A6592 /* tictactoe.app */;
			productType = "com.apple.product-type.application";
		};
/* End PBXNativeTarget section */

/* Begin PBXProject section */
		F26610CB23D5E4B7009A6592 /* Project object */ = {
			isa = PBXProject;
			attributes = {
				LastSwiftUpdateCheck = 1010;
				LastUpgradeCheck = 1010;
				ORGANIZATIONNAME = tp;
				TargetAttributes = {
					F26610D223D5E4B7009A6592 = {
						CreatedOnToolsVersion = 10.1;
					};
				};
			};
			buildConfigurationList = F26610CE23D5E4B7009A6592 /* Build configuration list for PBXProject "tictactoe" */;
			compatibilityVersion = "Xcode 9.3";
			developmentRegion = en;
			hasScannedForEncodings = 0;
			knownRegions = (
				en,
				Base,
			);
			mainGroup = F26610CA23D5E4B7009A6592;
			productRefGroup = F26610D423D5E4B8009A6592 /* Products */;
			projectDirPath = "";
			projectRoot = "";
			targets = (
				F26610D223D5E4B7009A6592 /* tictactoe */,
			);
		};
/* End PBXProject section */

/* Begin PBXResourcesBuildPhase section */
		F26610D123D5E4B7009A6592 /* Resources */ = {
			isa = PBXResourcesBuildPhase;
			buildActionMask = 2147483647;
			files = (
				F26610EB23D5E713009A6592 /* grille.png in Resources */,
				F26610EC23D5E713009A6592 /* rond.png in Resources */,
				F26610E123D5E4B9009A6592 /* LaunchScreen.storyboard in Resources */,
				F26610ED23D5E713009A6592 /* croix.png in Resources */,
				F26610DE23D5E4B9009A6592 /* Assets.xcassets in Resources */,
				F26610DC23D5E4B8009A6592 /* Main.storyboard in Resources */,
			);
			runOnlyForDeploymentPostprocessing = 0;
		};
/* End PBXResourcesBuildPhase section */

/* Begin PBXSourcesBuildPhase section */
		F26610CF23D5E4B7009A6592 /* Sources */ = {
			isa = PBXSourcesBuildPhase;
			buildActionMask = 2147483647;
			files = (
				F26610D923D5E4B8009A6592 /* ViewController.swift in Sources */,
				F26610D723D5E4B8009A6592 /* AppDelegate.swift in Sources */,
			);
			runOnlyForDeploymentPostprocessing = 0;
		};
/* End PBXSourcesBuildPhase section */

/* Begin PBXVariantGroup section */
		F26610DA23D5E4B8009A6592 /* Main.storyboard */ = {
			isa = PBXVariantGroup;
			children = (
				F26610DB23D5E4B8009A6592 /* Base */,
			);
			name = Main.storyboard;
			sourceTree = "<group>";
		};
		F26610DF23D5E4B9009A6592 /* LaunchScreen.storyboard */ = {
			isa = PBXVariantGroup;
			children = (
				F26610E023D5E4B9009A6592 /* Base */,
			);
			name = LaunchScreen.storyboard;
			sourceTree = "<group>";
		};
/* End PBXVariantGroup section */

/* Begin XCBuildConfiguration section */
		F26610E323D5E4B9009A6592 /* Debug */ = {
			isa = XCBuildConfiguration;
			buildSettings = {
				ALWAYS_SEARCH_USER_PATHS = NO;
				CLANG_ANALYZER_NONNULL = YES;
				CLANG_ANALYZER_NUMBER_OBJECT_CONVERSION = YES_AGGRESSIVE;
				CLANG_CXX_LANGUAGE_STANDARD = "gnu++14";
				CLANG_CXX_LIBRARY = "libc++";
				CLANG_ENABLE_MODULES = YES;
				CLANG_ENABLE_OBJC_ARC = YES;
				CLANG_ENABLE_OBJC_WEAK = YES;
				CLANG_WARN_BLOCK_CAPTURE_AUTORELEASING = YES;
				CLANG_WARN_BOOL_CONVERSION = YES;
				CLANG_WARN_COMMA = YES;
				CLANG_WARN_CONSTANT_CONVERSION = YES;
				CLANG_WARN_DEPRECATED_OBJC_IMPLEMENTATIONS = YES;
				CLANG_WARN_DIRECT_OBJC_ISA_USAGE = YES_ERROR;
				CLANG_WARN_DOCUMENTATION_COMMENTS = YES;
				CLANG_WARN_EMPTY_BODY = YES;
				CLANG_WARN_ENUM_CONVERSION = YES;
				CLANG_WARN_INFINITE_RECURSION = YES;
				CLANG_WARN_INT_CONVERSION = YES;
				CLANG_WARN_NON_LITERAL_NULL_CONVERSION = YES;
				CLANG_WARN_OBJC_IMPLICIT_RETAIN_SELF = YES;
				CLANG_WARN_OBJC_LITERAL_CONVERSION = YES;
				CLANG_WARN_OBJC_ROOT_CLASS = YES_ERROR;
				CLANG_WARN_RANGE_LOOP_ANALYSIS = YES;
				CLANG_WARN_STRICT_PROTOTYPES = YES;
				CLANG_WARN_SUSPICIOUS_MOVE = YES;
				CLANG_WARN_UNGUARDED_AVAILABILITY = YES_AGGRESSIVE;
				CLANG_WARN_UNREACHABLE_CODE = YES;
				CLANG_WARN__DUPLICATE_METHOD_MATCH = YES;
				CODE_SIGN_IDENTITY = "iPhone Developer";
				COPY_PHASE_STRIP = NO;
				DEBUG_INFORMATION_FORMAT = dwarf;
				ENABLE_STRICT_OBJC_MSGSEND = YES;
				ENABLE_TESTABILITY = YES;
				GCC_C_LANGUAGE_STANDARD = gnu11;
				GCC_DYNAMIC_NO_PIC = NO;
				GCC_NO_COMMON_BLOCKS = YES;
				GCC_OPTIMIZATION_LEVEL = 0;
				GCC_PREPROCESSOR_DEFINITIONS = (
					"DEBUG=1",
					"$(inherited)",
				);
				GCC_WARN_64_TO_32_BIT_CONVERSION = YES;
				GCC_WARN_ABOUT_RETURN_TYPE = YES_ERROR;
				GCC_WARN_UNDECLARED_SELECTOR = YES;
				GCC_WARN_UNINITIALIZED_AUTOS = YES_AGGRESSIVE;
				GCC_WARN_UNUSED_FUNCTION = YES;
				GCC_WARN_UNUSED_VARIABLE = YES;
				IPHONEOS_DEPLOYMENT_TARGET = 12.1;
				MTL_ENABLE_DEBUG_INFO = INCLUDE_SOURCE;
				MTL_FAST_MATH = YES;
				ONLY_ACTIVE_ARCH = YES;
				SDKROOT = iphoneos;
				SWIFT_ACTIVE_COMPILATION_CONDITIONS = DEBUG;
				SWIFT_OPTIMIZATION_LEVEL = "-Onone";
			};
			name = Debug;
		};
		F26610E423D5E4B9009A6592 /* Release */ = {
			isa = XCBuildConfiguration;
			buildSettings = {
				ALWAYS_SEARCH_USER_PATHS = NO;
				CLANG_ANALYZER_NONNULL = YES;
				CLANG_ANALYZER_NUMBER_OBJECT_CONVERSION = YES_AGGRESSIVE;
				CLANG_CXX_LANGUAGE_STANDARD = "gnu++14";
				CLANG_CXX_LIBRARY = "libc++";
				CLANG_ENABLE_MODULES = YES;
				CLANG_ENABLE_OBJC_ARC = YES;
				CLANG_ENABLE_OBJC_WEAK = YES;
				CLANG_WARN_BLOCK_CAPTURE_AUTORELEASING = YES;
				CLANG_WARN_BOOL_CONVERSION = YES;
				CLANG_WARN_COMMA = YES;
				CLANG_WARN_CONSTANT_CONVERSION = YES;
				CLANG_WARN_DEPRECATED_OBJC_IMPLEMENTATIONS = YES;
				CLANG_WARN_DIRECT_OBJC_ISA_USAGE = YES_ERROR;
				CLANG_WARN_DOCUMENTATION_COMMENTS = YES;
				CLANG_WARN_EMPTY_BODY = YES;
				CLANG_WARN_ENUM_CONVERSION = YES;
				CLANG_WARN_INFINITE_RECURSION = YES;
				CLANG_WARN_INT_CONVERSION = YES;
				CLANG_WARN_NON_LITERAL_NULL_CONVERSION = YES;
				CLANG_WARN_OBJC_IMPLICIT_RETAIN_SELF = YES;
				CLANG_WARN_OBJC_LITERAL_CONVERSION = YES;
				CLANG_WARN_OBJC_ROOT_CLASS = YES_ERROR;
				CLANG_WARN_RANGE_LOOP_ANALYSIS = YES;
				CLANG_WARN_STRICT_PROTOTYPES = YES;
				CLANG_WARN_SUSPICIOUS_MOVE = YES;
				CLANG_WARN_UNGUARDED_AVAILABILITY = YES_AGGRESSIVE;
				CLANG_WARN_UNREACHABLE_CODE = YES;
				CLANG_WARN__DUPLICATE_METHOD_MATCH = YES;
				CODE_SIGN_IDENTITY = "iPhone Developer";
				COPY_PHASE_STRIP = NO;
				DEBUG_INFORMATION_FORMAT = "dwarf-with-dsym";
				ENABLE_NS_ASSERTIONS = NO;
				ENABLE_STRICT_OBJC_MSGSEND = YES;
				GCC_C_LANGUAGE_STANDARD = gnu11;
				GCC_NO_COMMON_BLOCKS = YES;
				GCC_WARN_64_TO_32_BIT_CONVERSION = YES;
				GCC_WARN_ABOUT_RETURN_TYPE = YES_ERROR;
				GCC_WARN_UNDECLARED_SELECTOR = YES;
				GCC_WARN_UNINITIALIZED_AUTOS = YES_AGGRESSIVE;
				GCC_WARN_UNUSED_FUNCTION = YES;
				GCC_WARN_UNUSED_VARIABLE = YES;
				IPHONEOS_DEPLOYMENT_TARGET = 12.1;
				MTL_ENABLE_DEBUG_INFO = NO;
				MTL_FAST_MATH = YES;
				SDKROOT = iphoneos;
				SWIFT_COMPILATION_MODE = wholemodule;
				SWIFT_OPTIMIZATION_LEVEL = "-O";
				VALIDATE_PRODUCT = YES;
			};
			name = Release;
		};
		F26610E623D5E4B9009A6592 /* Debug */ = {
			isa = XCBuildConfiguration;
			buildSettings = {
				ASSETCATALOG_COMPILER_APPICON_NAME = AppIcon;
				CODE_SIGN_STYLE = Automatic;
				INFOPLIST_FILE = tictactoe/Info.plist;
				LD_RUNPATH_SEARCH_PATHS = (
					"$(inherited)",
					"@executable_path/Frameworks",
				);
				PRODUCT_BUNDLE_IDENTIFIER = y.tictactoe;
				PRODUCT_NAME = "$(TARGET_NAME)";
				SWIFT_VERSION = 4.2;
				TARGETED_DEVICE_FAMILY = "1,2";
			};
			name = Debug;
		};
		F26610E723D5E4B9009A6592 /* Release */ = {
			isa = XCBuildConfiguration;
			buildSettings = {
				ASSETCATALOG_COMPILER_APPICON_NAME = AppIcon;
				CODE_SIGN_STYLE = Automatic;
				INFOPLIST_FILE = tictactoe/Info.plist;
				LD_RUNPATH_SEARCH_PATHS = (
					"$(inherited)",
					"@executable_path/Frameworks",
				);
				PRODUCT_BUNDLE_IDENTIFIER = y.tictactoe;
				PRODUCT_NAME = "$(TARGET_NAME)";
				SWIFT_VERSION = 4.2;
				TARGETED_DEVICE_FAMILY = "1,2";
			};
			name = Release;
		};
/* End XCBuildConfiguration section */

/* Begin XCConfigurationList section */
		F26610CE23D5E4B7009A6592 /* Build configuration list for PBXProject "tictactoe" */ = {
			isa = XCConfigurationList;
			buildConfigurations = (
				F26610E323D5E4B9009A6592 /* Debug */,
				F26610E423D5E4B9009A6592 /* Release */,
			);
			defaultConfigurationIsVisible = 0;
			defaultConfigurationName = Release;
		};
		F26610E523D5E4B9009A6592 /* Build configuration list for PBXNativeTarget "tictactoe" */ = {
			isa = XCConfigurationList;
			buildConfigurations = (
				F26610E623D5E4B9009A6592 /* Debug */,
				F26610E723D5E4B9009A6592 /* Release */,
			);
			defaultConfigurationIsVisible = 0;
			defaultConfigurationName = Release;
		};
/* End XCConfigurationList section */
	};
	rootObject = F26610CB23D5E4B7009A6592 /* Project object */;
}
